// !$*UTF8*$!
{
	archiveVersion = 1;
	classes = {
	};
	objectVersion = 46;
	objects = {

/* Begin PBXBuildFile section */
		0603878B1707C6E6004FF3F2 /* bittrendsHelper.app in Copy Launch Helper */ = {isa = PBXBuildFile; fileRef = 060387891707C66A004FF3F2 /* bittrendsHelper.app */; };
		06415E431707C3510085BD37 /* ServiceManagement.framework in Frameworks */ = {isa = PBXBuildFile; fileRef = 06415E421707C3510085BD37 /* ServiceManagement.framework */; };
		0657063D16C738F0003CED95 /* 512x512.icns in Resources */ = {isa = PBXBuildFile; fileRef = 0657063C16C738F0003CED95 /* 512x512.icns */; };
		0682640F16BDAF0800C58306 /* Security.framework in Frameworks */ = {isa = PBXBuildFile; fileRef = 0682640E16BDAF0800C58306 /* Security.framework */; };
		06876A3D16C6354B00D1C21A /* BtStartAtLoginController.m in Sources */ = {isa = PBXBuildFile; fileRef = 06876A3C16C6354B00D1C21A /* BtStartAtLoginController.m */; };
		06876A4016C63EF700D1C21A /* BtMenuDelegate.m in Sources */ = {isa = PBXBuildFile; fileRef = 06876A3F16C63EF700D1C21A /* BtMenuDelegate.m */; };
		0A35A21716CCCA640016F838 /* BtStatusItemViewControllerTest.m in Sources */ = {isa = PBXBuildFile; fileRef = 0A35A21616CCCA640016F838 /* BtStatusItemViewControllerTest.m */; };
		0A35A21916CCCA870016F838 /* BtStartAtLoginControllerTest.m in Sources */ = {isa = PBXBuildFile; fileRef = 0A35A21816CCCA870016F838 /* BtStartAtLoginControllerTest.m */; };
		0A50904516BDC409004174E2 /* HelveticaNeueLTStd-Cn.otf in CopyFiles */ = {isa = PBXBuildFile; fileRef = 0A50904316BDC3DD004174E2 /* HelveticaNeueLTStd-Cn.otf */; };
		0A50904816BDD274004174E2 /* BtStatusItemView.m in Sources */ = {isa = PBXBuildFile; fileRef = 0A50904716BDD274004174E2 /* BtStatusItemView.m */; };
		0A59E75C16BD9D2100E3CE3C /* Cocoa.framework in Frameworks */ = {isa = PBXBuildFile; fileRef = 0A59E75B16BD9D2100E3CE3C /* Cocoa.framework */; };
		0A59E76616BD9D2100E3CE3C /* InfoPlist.strings in Resources */ = {isa = PBXBuildFile; fileRef = 0A59E76416BD9D2100E3CE3C /* InfoPlist.strings */; };
		0A59E76816BD9D2100E3CE3C /* main.m in Sources */ = {isa = PBXBuildFile; fileRef = 0A59E76716BD9D2100E3CE3C /* main.m */; };
		0A59E76C16BD9D2100E3CE3C /* Credits.rtf in Resources */ = {isa = PBXBuildFile; fileRef = 0A59E76A16BD9D2100E3CE3C /* Credits.rtf */; };
		0A59E76F16BD9D2100E3CE3C /* AppDelegate.m in Sources */ = {isa = PBXBuildFile; fileRef = 0A59E76E16BD9D2100E3CE3C /* AppDelegate.m */; };
		0A59E77A16BD9D2100E3CE3C /* SenTestingKit.framework in Frameworks */ = {isa = PBXBuildFile; fileRef = 0A59E77916BD9D2100E3CE3C /* SenTestingKit.framework */; };
		0A59E77B16BD9D2100E3CE3C /* Cocoa.framework in Frameworks */ = {isa = PBXBuildFile; fileRef = 0A59E75B16BD9D2100E3CE3C /* Cocoa.framework */; };
		0A59E78316BD9D2100E3CE3C /* InfoPlist.strings in Resources */ = {isa = PBXBuildFile; fileRef = 0A59E78116BD9D2100E3CE3C /* InfoPlist.strings */; };
		0A59E78616BD9D2100E3CE3C /* bitcoinTests.m in Sources */ = {isa = PBXBuildFile; fileRef = 0A59E78516BD9D2100E3CE3C /* bitcoinTests.m */; };
		0AA6491C16BDA6FA00BEE4C9 /* BtStatusItemViewController.m in Sources */ = {isa = PBXBuildFile; fileRef = 0AA6491B16BDA6FA00BEE4C9 /* BtStatusItemViewController.m */; };
		0AC8705718C59CFF00EB1E07 /* BtBitstampApiController.m in Sources */ = {isa = PBXBuildFile; fileRef = 0AC8705618C59CFF00EB1E07 /* BtBitstampApiController.m */; };
		BED7C2342A0D450DAC66AF42 /* libPods.a in Frameworks */ = {isa = PBXBuildFile; fileRef = 6FDCED3142C64F169F7FF1AA /* libPods.a */; };
/* End PBXBuildFile section */

/* Begin PBXContainerItemProxy section */
		060387881707C66A004FF3F2 /* PBXContainerItemProxy */ = {
			isa = PBXContainerItemProxy;
			containerPortal = 060387841707C669004FF3F2 /* bittrendsHelper.xcodeproj */;
			proxyType = 2;
			remoteGlobalIDString = 060387641707C669004FF3F2;
			remoteInfo = bittrendsHelper;
		};
		0A59E77C16BD9D2100E3CE3C /* PBXContainerItemProxy */ = {
			isa = PBXContainerItemProxy;
			containerPortal = 0A59E74E16BD9D2100E3CE3C /* Project object */;
			proxyType = 1;
			remoteGlobalIDString = 0A59E75616BD9D2100E3CE3C;
			remoteInfo = bitcoin;
		};
/* End PBXContainerItemProxy section */

/* Begin PBXCopyFilesBuildPhase section */
		0603878A1707C6BE004FF3F2 /* Copy Launch Helper */ = {
			isa = PBXCopyFilesBuildPhase;
			buildActionMask = 2147483647;
			dstPath = Contents/Library/LoginItems;
			dstSubfolderSpec = 1;
			files = (
				0603878B1707C6E6004FF3F2 /* bittrendsHelper.app in Copy Launch Helper */,
			);
			name = "Copy Launch Helper";
			runOnlyForDeploymentPostprocessing = 0;
		};
		0A50903E16BDC129004174E2 /* CopyFiles */ = {
			isa = PBXCopyFilesBuildPhase;
			buildActionMask = 2147483647;
			dstPath = Fonts;
			dstSubfolderSpec = 7;
			files = (
				0A50904516BDC409004174E2 /* HelveticaNeueLTStd-Cn.otf in CopyFiles */,
			);
			runOnlyForDeploymentPostprocessing = 0;
		};
/* End PBXCopyFilesBuildPhase section */

/* Begin PBXFileReference section */
		060387841707C669004FF3F2 /* bittrendsHelper.xcodeproj */ = {isa = PBXFileReference; lastKnownFileType = "wrapper.pb-project"; name = bittrendsHelper.xcodeproj; path = bittrendsHelper/bittrendsHelper.xcodeproj; sourceTree = "<group>"; };
		060C386216C73BCC00BAE98C /* bittrends.entitlements */ = {isa = PBXFileReference; lastKnownFileType = text.xml; path = bittrends.entitlements; sourceTree = "<group>"; };
		06415E421707C3510085BD37 /* ServiceManagement.framework */ = {isa = PBXFileReference; lastKnownFileType = wrapper.framework; name = ServiceManagement.framework; path = System/Library/Frameworks/ServiceManagement.framework; sourceTree = SDKROOT; };
		0657063C16C738F0003CED95 /* 512x512.icns */ = {isa = PBXFileReference; lastKnownFileType = image.icns; path = 512x512.icns; sourceTree = "<group>"; };
		0682640E16BDAF0800C58306 /* Security.framework */ = {isa = PBXFileReference; lastKnownFileType = wrapper.framework; name = Security.framework; path = System/Library/Frameworks/Security.framework; sourceTree = SDKROOT; };
		06876A3B16C6354B00D1C21A /* BtStartAtLoginController.h */ = {isa = PBXFileReference; fileEncoding = 4; lastKnownFileType = sourcecode.c.h; path = BtStartAtLoginController.h; sourceTree = "<group>"; };
		06876A3C16C6354B00D1C21A /* BtStartAtLoginController.m */ = {isa = PBXFileReference; fileEncoding = 4; lastKnownFileType = sourcecode.c.objc; path = BtStartAtLoginController.m; sourceTree = "<group>"; };
		06876A3E16C63EF700D1C21A /* BtMenuDelegate.h */ = {isa = PBXFileReference; fileEncoding = 4; lastKnownFileType = sourcecode.c.h; path = BtMenuDelegate.h; sourceTree = "<group>"; };
		06876A3F16C63EF700D1C21A /* BtMenuDelegate.m */ = {isa = PBXFileReference; fileEncoding = 4; lastKnownFileType = sourcecode.c.objc; path = BtMenuDelegate.m; sourceTree = "<group>"; };
		0A35A21616CCCA640016F838 /* BtStatusItemViewControllerTest.m */ = {isa = PBXFileReference; fileEncoding = 4; lastKnownFileType = sourcecode.c.objc; path = BtStatusItemViewControllerTest.m; sourceTree = "<group>"; };
		0A35A21816CCCA870016F838 /* BtStartAtLoginControllerTest.m */ = {isa = PBXFileReference; fileEncoding = 4; lastKnownFileType = sourcecode.c.objc; path = BtStartAtLoginControllerTest.m; sourceTree = "<group>"; };
		0A50904316BDC3DD004174E2 /* HelveticaNeueLTStd-Cn.otf */ = {isa = PBXFileReference; lastKnownFileType = file; path = "HelveticaNeueLTStd-Cn.otf"; sourceTree = "<group>"; };
		0A50904616BDD274004174E2 /* BtStatusItemView.h */ = {isa = PBXFileReference; fileEncoding = 4; lastKnownFileType = sourcecode.c.h; path = BtStatusItemView.h; sourceTree = "<group>"; };
		0A50904716BDD274004174E2 /* BtStatusItemView.m */ = {isa = PBXFileReference; fileEncoding = 4; lastKnownFileType = sourcecode.c.objc; path = BtStatusItemView.m; sourceTree = "<group>"; };
		0A59E75716BD9D2100E3CE3C /* bittrends.app */ = {isa = PBXFileReference; explicitFileType = wrapper.application; includeInIndex = 0; path = bittrends.app; sourceTree = BUILT_PRODUCTS_DIR; };
		0A59E75B16BD9D2100E3CE3C /* Cocoa.framework */ = {isa = PBXFileReference; lastKnownFileType = wrapper.framework; name = Cocoa.framework; path = System/Library/Frameworks/Cocoa.framework; sourceTree = SDKROOT; };
		0A59E75E16BD9D2100E3CE3C /* AppKit.framework */ = {isa = PBXFileReference; lastKnownFileType = wrapper.framework; name = AppKit.framework; path = System/Library/Frameworks/AppKit.framework; sourceTree = SDKROOT; };
		0A59E75F16BD9D2100E3CE3C /* CoreData.framework */ = {isa = PBXFileReference; lastKnownFileType = wrapper.framework; name = CoreData.framework; path = System/Library/Frameworks/CoreData.framework; sourceTree = SDKROOT; };
		0A59E76016BD9D2100E3CE3C /* Foundation.framework */ = {isa = PBXFileReference; lastKnownFileType = wrapper.framework; name = Foundation.framework; path = System/Library/Frameworks/Foundation.framework; sourceTree = SDKROOT; };
		0A59E76316BD9D2100E3CE3C /* bittrends.plist */ = {isa = PBXFileReference; lastKnownFileType = text.plist.xml; path = bittrends.plist; sourceTree = "<group>"; };
		0A59E76516BD9D2100E3CE3C /* en */ = {isa = PBXFileReference; lastKnownFileType = text.plist.strings; name = en; path = en.lproj/InfoPlist.strings; sourceTree = "<group>"; };
		0A59E76716BD9D2100E3CE3C /* main.m */ = {isa = PBXFileReference; lastKnownFileType = sourcecode.c.objc; path = main.m; sourceTree = "<group>"; };
		0A59E76916BD9D2100E3CE3C /* bittrends-Prefix.pch */ = {isa = PBXFileReference; lastKnownFileType = sourcecode.c.h; path = "bittrends-Prefix.pch"; sourceTree = "<group>"; };
		0A59E76B16BD9D2100E3CE3C /* en */ = {isa = PBXFileReference; lastKnownFileType = text.rtf; name = en; path = en.lproj/Credits.rtf; sourceTree = "<group>"; };
		0A59E76D16BD9D2100E3CE3C /* AppDelegate.h */ = {isa = PBXFileReference; lastKnownFileType = sourcecode.c.h; path = AppDelegate.h; sourceTree = "<group>"; };
		0A59E76E16BD9D2100E3CE3C /* AppDelegate.m */ = {isa = PBXFileReference; lastKnownFileType = sourcecode.c.objc; path = AppDelegate.m; sourceTree = "<group>"; };
		0A59E77816BD9D2100E3CE3C /* bittrendsTests.octest */ = {isa = PBXFileReference; explicitFileType = wrapper.cfbundle; includeInIndex = 0; path = bittrendsTests.octest; sourceTree = BUILT_PRODUCTS_DIR; };
		0A59E77916BD9D2100E3CE3C /* SenTestingKit.framework */ = {isa = PBXFileReference; lastKnownFileType = wrapper.framework; name = SenTestingKit.framework; path = Library/Frameworks/SenTestingKit.framework; sourceTree = DEVELOPER_DIR; };
		0A59E78016BD9D2100E3CE3C /* bittrends.plist */ = {isa = PBXFileReference; lastKnownFileType = text.plist.xml; path = bittrends.plist; sourceTree = "<group>"; };
		0A59E78216BD9D2100E3CE3C /* en */ = {isa = PBXFileReference; lastKnownFileType = text.plist.strings; name = en; path = en.lproj/InfoPlist.strings; sourceTree = "<group>"; };
		0A59E78416BD9D2100E3CE3C /* bitcoinTests.h */ = {isa = PBXFileReference; lastKnownFileType = sourcecode.c.h; path = bitcoinTests.h; sourceTree = "<group>"; };
		0A59E78516BD9D2100E3CE3C /* bitcoinTests.m */ = {isa = PBXFileReference; lastKnownFileType = sourcecode.c.objc; path = bitcoinTests.m; sourceTree = "<group>"; };
		0AA6491A16BDA6FA00BEE4C9 /* BtStatusItemViewController.h */ = {isa = PBXFileReference; fileEncoding = 4; lastKnownFileType = sourcecode.c.h; path = BtStatusItemViewController.h; sourceTree = "<group>"; };
		0AA6491B16BDA6FA00BEE4C9 /* BtStatusItemViewController.m */ = {isa = PBXFileReference; fileEncoding = 4; lastKnownFileType = sourcecode.c.objc; path = BtStatusItemViewController.m; sourceTree = "<group>"; };
		0AC8705518C59CFF00EB1E07 /* BtBitstampApiController.h */ = {isa = PBXFileReference; fileEncoding = 4; lastKnownFileType = sourcecode.c.h; path = BtBitstampApiController.h; sourceTree = "<group>"; };
		0AC8705618C59CFF00EB1E07 /* BtBitstampApiController.m */ = {isa = PBXFileReference; fileEncoding = 4; lastKnownFileType = sourcecode.c.objc; path = BtBitstampApiController.m; sourceTree = "<group>"; };
		4536955945CF4C9FB3018038 /* Pods.xcconfig */ = {isa = PBXFileReference; includeInIndex = 1; lastKnownFileType = text.xcconfig; name = Pods.xcconfig; path = Pods/Pods.xcconfig; sourceTree = "<group>"; };
		6FDCED3142C64F169F7FF1AA /* libPods.a */ = {isa = PBXFileReference; explicitFileType = archive.ar; includeInIndex = 0; path = libPods.a; sourceTree = BUILT_PRODUCTS_DIR; };
/* End PBXFileReference section */

/* Begin PBXFrameworksBuildPhase section */
		0A59E75416BD9D2100E3CE3C /* Frameworks */ = {
			isa = PBXFrameworksBuildPhase;
			buildActionMask = 2147483647;
			files = (
				06415E431707C3510085BD37 /* ServiceManagement.framework in Frameworks */,
				0682640F16BDAF0800C58306 /* Security.framework in Frameworks */,
				0A59E75C16BD9D2100E3CE3C /* Cocoa.framework in Frameworks */,
				BED7C2342A0D450DAC66AF42 /* libPods.a in Frameworks */,
			);
			runOnlyForDeploymentPostprocessing = 0;
		};
		0A59E77416BD9D2100E3CE3C /* Frameworks */ = {
			isa = PBXFrameworksBuildPhase;
			buildActionMask = 2147483647;
			files = (
				0A59E77A16BD9D2100E3CE3C /* SenTestingKit.framework in Frameworks */,
				0A59E77B16BD9D2100E3CE3C /* Cocoa.framework in Frameworks */,
			);
			runOnlyForDeploymentPostprocessing = 0;
		};
/* End PBXFrameworksBuildPhase section */

/* Begin PBXGroup section */
		060387851707C669004FF3F2 /* Products */ = {
			isa = PBXGroup;
			children = (
				060387891707C66A004FF3F2 /* bittrendsHelper.app */,
			);
			name = Products;
			sourceTree = "<group>";
		};
		0A50902116BDBACC004174E2 /* Resources */ = {
			isa = PBXGroup;
			children = (
				0A50902316BDBAF3004174E2 /* Fonts */,
			);
			name = Resources;
			sourceTree = "<group>";
		};
		0A50902316BDBAF3004174E2 /* Fonts */ = {
			isa = PBXGroup;
			children = (
				0A50904316BDC3DD004174E2 /* HelveticaNeueLTStd-Cn.otf */,
			);
			name = Fonts;
			sourceTree = "<group>";
		};
		0A50904A16BDD28E004174E2 /* Views */ = {
			isa = PBXGroup;
			children = (
				0A50904616BDD274004174E2 /* BtStatusItemView.h */,
				0A50904716BDD274004174E2 /* BtStatusItemView.m */,
			);
			name = Views;
			sourceTree = "<group>";
		};
		0A50904C16BE0D5B004174E2 /* ViewControllers */ = {
			isa = PBXGroup;
			children = (
				0AA6491A16BDA6FA00BEE4C9 /* BtStatusItemViewController.h */,
				0AA6491B16BDA6FA00BEE4C9 /* BtStatusItemViewController.m */,
				0A35A21616CCCA640016F838 /* BtStatusItemViewControllerTest.m */,
				06876A3B16C6354B00D1C21A /* BtStartAtLoginController.h */,
				06876A3C16C6354B00D1C21A /* BtStartAtLoginController.m */,
				0A35A21816CCCA870016F838 /* BtStartAtLoginControllerTest.m */,
				06876A3E16C63EF700D1C21A /* BtMenuDelegate.h */,
				06876A3F16C63EF700D1C21A /* BtMenuDelegate.m */,
			);
			name = ViewControllers;
			sourceTree = "<group>";
		};
		0A50909516BF3F42004174E2 /* Models */ = {
			isa = PBXGroup;
			children = (
			);
			name = Models;
			sourceTree = "<group>";
		};
		0A59E74C16BD9D2100E3CE3C = {
			isa = PBXGroup;
			children = (
				060387841707C669004FF3F2 /* bittrendsHelper.xcodeproj */,
				06415E421707C3510085BD37 /* ServiceManagement.framework */,
				060C386216C73BCC00BAE98C /* bittrends.entitlements */,
				0657063C16C738F0003CED95 /* 512x512.icns */,
				0A59E76116BD9D2100E3CE3C /* bitcoin */,
				0682640E16BDAF0800C58306 /* Security.framework */,
				0A59E77E16BD9D2100E3CE3C /* bitcoinTests */,
				0A59E75A16BD9D2100E3CE3C /* Frameworks */,
				0A59E75816BD9D2100E3CE3C /* Products */,
				4536955945CF4C9FB3018038 /* Pods.xcconfig */,
			);
			sourceTree = "<group>";
		};
		0A59E75816BD9D2100E3CE3C /* Products */ = {
			isa = PBXGroup;
			children = (
				0A59E75716BD9D2100E3CE3C /* bittrends.app */,
				0A59E77816BD9D2100E3CE3C /* bittrendsTests.octest */,
			);
			name = Products;
			sourceTree = "<group>";
		};
		0A59E75A16BD9D2100E3CE3C /* Frameworks */ = {
			isa = PBXGroup;
			children = (
				0A59E75B16BD9D2100E3CE3C /* Cocoa.framework */,
				0A59E77916BD9D2100E3CE3C /* SenTestingKit.framework */,
				0A59E75D16BD9D2100E3CE3C /* Other Frameworks */,
				6FDCED3142C64F169F7FF1AA /* libPods.a */,
			);
			name = Frameworks;
			sourceTree = "<group>";
		};
		0A59E75D16BD9D2100E3CE3C /* Other Frameworks */ = {
			isa = PBXGroup;
			children = (
				0A59E75E16BD9D2100E3CE3C /* AppKit.framework */,
				0A59E75F16BD9D2100E3CE3C /* CoreData.framework */,
				0A59E76016BD9D2100E3CE3C /* Foundation.framework */,
			);
			name = "Other Frameworks";
			sourceTree = "<group>";
		};
		0A59E76116BD9D2100E3CE3C /* bitcoin */ = {
			isa = PBXGroup;
			children = (
				0A50909516BF3F42004174E2 /* Models */,
				0A50904C16BE0D5B004174E2 /* ViewControllers */,
				0A50904A16BDD28E004174E2 /* Views */,
				0A50902116BDBACC004174E2 /* Resources */,
				0A59E76D16BD9D2100E3CE3C /* AppDelegate.h */,
				0A59E76E16BD9D2100E3CE3C /* AppDelegate.m */,
				0A59E76216BD9D2100E3CE3C /* Supporting Files */,
				0AC8705518C59CFF00EB1E07 /* BtBitstampApiController.h */,
				0AC8705618C59CFF00EB1E07 /* BtBitstampApiController.m */,
			);
			path = bitcoin;
			sourceTree = "<group>";
		};
		0A59E76216BD9D2100E3CE3C /* Supporting Files */ = {
			isa = PBXGroup;
			children = (
				0A59E76316BD9D2100E3CE3C /* bittrends.plist */,
				0A59E76416BD9D2100E3CE3C /* InfoPlist.strings */,
				0A59E76716BD9D2100E3CE3C /* main.m */,
				0A59E76916BD9D2100E3CE3C /* bittrends-Prefix.pch */,
				0A59E76A16BD9D2100E3CE3C /* Credits.rtf */,
			);
			name = "Supporting Files";
			sourceTree = "<group>";
		};
		0A59E77E16BD9D2100E3CE3C /* bitcoinTests */ = {
			isa = PBXGroup;
			children = (
				0A59E78416BD9D2100E3CE3C /* bitcoinTests.h */,
				0A59E78516BD9D2100E3CE3C /* bitcoinTests.m */,
				0A59E77F16BD9D2100E3CE3C /* Supporting Files */,
			);
			path = bitcoinTests;
			sourceTree = "<group>";
		};
		0A59E77F16BD9D2100E3CE3C /* Supporting Files */ = {
			isa = PBXGroup;
			children = (
				0A59E78016BD9D2100E3CE3C /* bittrends.plist */,
				0A59E78116BD9D2100E3CE3C /* InfoPlist.strings */,
			);
			name = "Supporting Files";
			sourceTree = "<group>";
		};
/* End PBXGroup section */

/* Begin PBXNativeTarget section */
		0A59E75616BD9D2100E3CE3C /* bittrends */ = {
			isa = PBXNativeTarget;
			buildConfigurationList = 0A59E78916BD9D2100E3CE3C /* Build configuration list for PBXNativeTarget "bittrends" */;
			buildPhases = (
				9723FDC3B6A54217B9DF7665 /* Check Pods Manifest.lock */,
				0A59E75316BD9D2100E3CE3C /* Sources */,
				0A59E75416BD9D2100E3CE3C /* Frameworks */,
				0A59E75516BD9D2100E3CE3C /* Resources */,
				0A50903E16BDC129004174E2 /* CopyFiles */,
				0603878A1707C6BE004FF3F2 /* Copy Launch Helper */,
				C6FA19D3E0C547D0AC0F1176 /* Copy Pods Resources */,
			);
			buildRules = (
			);
			dependencies = (
			);
			name = bittrends;
			productName = bitcoin;
			productReference = 0A59E75716BD9D2100E3CE3C /* bittrends.app */;
			productType = "com.apple.product-type.application";
		};
		0A59E77716BD9D2100E3CE3C /* bittrendsTests */ = {
			isa = PBXNativeTarget;
			buildConfigurationList = 0A59E78C16BD9D2100E3CE3C /* Build configuration list for PBXNativeTarget "bittrendsTests" */;
			buildPhases = (
				0A59E77316BD9D2100E3CE3C /* Sources */,
				0A59E77416BD9D2100E3CE3C /* Frameworks */,
				0A59E77516BD9D2100E3CE3C /* Resources */,
				0A59E77616BD9D2100E3CE3C /* ShellScript */,
			);
			buildRules = (
			);
			dependencies = (
				0A59E77D16BD9D2100E3CE3C /* PBXTargetDependency */,
			);
			name = bittrendsTests;
			productName = bitcoinTests;
			productReference = 0A59E77816BD9D2100E3CE3C /* bittrendsTests.octest */;
			productType = "com.apple.product-type.bundle";
		};
/* End PBXNativeTarget section */

/* Begin PBXProject section */
		0A59E74E16BD9D2100E3CE3C /* Project object */ = {
			isa = PBXProject;
			attributes = {
				LastUpgradeCheck = 0450;
				ORGANIZATIONNAME = "Kevin Greene";
			};
			buildConfigurationList = 0A59E75116BD9D2100E3CE3C /* Build configuration list for PBXProject "bittrends" */;
			compatibilityVersion = "Xcode 3.2";
			developmentRegion = English;
			hasScannedForEncodings = 0;
			knownRegions = (
				en,
			);
			mainGroup = 0A59E74C16BD9D2100E3CE3C;
			productRefGroup = 0A59E75816BD9D2100E3CE3C /* Products */;
			projectDirPath = "";
			projectReferences = (
				{
					ProductGroup = 060387851707C669004FF3F2 /* Products */;
					ProjectRef = 060387841707C669004FF3F2 /* bittrendsHelper.xcodeproj */;
				},
			);
			projectRoot = "";
			targets = (
				0A59E75616BD9D2100E3CE3C /* bittrends */,
				0A59E77716BD9D2100E3CE3C /* bittrendsTests */,
			);
		};
/* End PBXProject section */

/* Begin PBXReferenceProxy section */
		060387891707C66A004FF3F2 /* bittrendsHelper.app */ = {
			isa = PBXReferenceProxy;
			fileType = wrapper.application;
			path = bittrendsHelper.app;
			remoteRef = 060387881707C66A004FF3F2 /* PBXContainerItemProxy */;
			sourceTree = BUILT_PRODUCTS_DIR;
		};
/* End PBXReferenceProxy section */

/* Begin PBXResourcesBuildPhase section */
		0A59E75516BD9D2100E3CE3C /* Resources */ = {
			isa = PBXResourcesBuildPhase;
			buildActionMask = 2147483647;
			files = (
				0A59E76616BD9D2100E3CE3C /* InfoPlist.strings in Resources */,
				0A59E76C16BD9D2100E3CE3C /* Credits.rtf in Resources */,
				0657063D16C738F0003CED95 /* 512x512.icns in Resources */,
			);
			runOnlyForDeploymentPostprocessing = 0;
		};
		0A59E77516BD9D2100E3CE3C /* Resources */ = {
			isa = PBXResourcesBuildPhase;
			buildActionMask = 2147483647;
			files = (
				0A59E78316BD9D2100E3CE3C /* InfoPlist.strings in Resources */,
			);
			runOnlyForDeploymentPostprocessing = 0;
		};
/* End PBXResourcesBuildPhase section */

/* Begin PBXShellScriptBuildPhase section */
		0A59E77616BD9D2100E3CE3C /* ShellScript */ = {
			isa = PBXShellScriptBuildPhase;
			buildActionMask = 2147483647;
			files = (
			);
			inputPaths = (
			);
			outputPaths = (
			);
			runOnlyForDeploymentPostprocessing = 0;
			shellPath = /bin/sh;
			shellScript = "# Run the unit tests in this test bundle.\n\"${SYSTEM_DEVELOPER_DIR}/Tools/RunUnitTests\"\n";
		};
		9723FDC3B6A54217B9DF7665 /* Check Pods Manifest.lock */ = {
			isa = PBXShellScriptBuildPhase;
			buildActionMask = 2147483647;
			files = (
			);
			inputPaths = (
			);
			name = "Check Pods Manifest.lock";
			outputPaths = (
			);
			runOnlyForDeploymentPostprocessing = 0;
			shellPath = /bin/sh;
			shellScript = "diff \"${PODS_ROOT}/../Podfile.lock\" \"${PODS_ROOT}/Manifest.lock\" > /dev/null\nif [[ $? != 0 ]] ; then\n    cat << EOM\nerror: The sandbox is not in sync with the Podfile.lock. Run 'pod install' or update your CocoaPods installation.\nEOM\n    exit 1\nfi\n";
			showEnvVarsInLog = 0;
		};
		C6FA19D3E0C547D0AC0F1176 /* Copy Pods Resources */ = {
			isa = PBXShellScriptBuildPhase;
			buildActionMask = 2147483647;
			files = (
			);
			inputPaths = (
			);
			name = "Copy Pods Resources";
			outputPaths = (
			);
			runOnlyForDeploymentPostprocessing = 0;
			shellPath = /bin/sh;
			shellScript = "\"${SRCROOT}/Pods/Pods-resources.sh\"\n";
			showEnvVarsInLog = 0;
		};
/* End PBXShellScriptBuildPhase section */

/* Begin PBXSourcesBuildPhase section */
		0A59E75316BD9D2100E3CE3C /* Sources */ = {
			isa = PBXSourcesBuildPhase;
			buildActionMask = 2147483647;
			files = (
				0A59E76816BD9D2100E3CE3C /* main.m in Sources */,
				0A59E76F16BD9D2100E3CE3C /* AppDelegate.m in Sources */,
				0AA6491C16BDA6FA00BEE4C9 /* BtStatusItemViewController.m in Sources */,
				0A50904816BDD274004174E2 /* BtStatusItemView.m in Sources */,
				0AC8705718C59CFF00EB1E07 /* BtBitstampApiController.m in Sources */,
				06876A3D16C6354B00D1C21A /* BtStartAtLoginController.m in Sources */,
				06876A4016C63EF700D1C21A /* BtMenuDelegate.m in Sources */,
			);
			runOnlyForDeploymentPostprocessing = 0;
		};
		0A59E77316BD9D2100E3CE3C /* Sources */ = {
			isa = PBXSourcesBuildPhase;
			buildActionMask = 2147483647;
			files = (
				0A59E78616BD9D2100E3CE3C /* bitcoinTests.m in Sources */,
				0A35A21716CCCA640016F838 /* BtStatusItemViewControllerTest.m in Sources */,
				0A35A21916CCCA870016F838 /* BtStartAtLoginControllerTest.m in Sources */,
			);
			runOnlyForDeploymentPostprocessing = 0;
		};
/* End PBXSourcesBuildPhase section */

/* Begin PBXTargetDependency section */
		0A59E77D16BD9D2100E3CE3C /* PBXTargetDependency */ = {
			isa = PBXTargetDependency;
			target = 0A59E75616BD9D2100E3CE3C /* bittrends */;
			targetProxy = 0A59E77C16BD9D2100E3CE3C /* PBXContainerItemProxy */;
		};
/* End PBXTargetDependency section */

/* Begin PBXVariantGroup section */
		0A59E76416BD9D2100E3CE3C /* InfoPlist.strings */ = {
			isa = PBXVariantGroup;
			children = (
				0A59E76516BD9D2100E3CE3C /* en */,
			);
			name = InfoPlist.strings;
			sourceTree = "<group>";
		};
		0A59E76A16BD9D2100E3CE3C /* Credits.rtf */ = {
			isa = PBXVariantGroup;
			children = (
				0A59E76B16BD9D2100E3CE3C /* en */,
			);
			name = Credits.rtf;
			sourceTree = "<group>";
		};
		0A59E78116BD9D2100E3CE3C /* InfoPlist.strings */ = {
			isa = PBXVariantGroup;
			children = (
				0A59E78216BD9D2100E3CE3C /* en */,
			);
			name = InfoPlist.strings;
			sourceTree = "<group>";
		};
/* End PBXVariantGroup section */

/* Begin XCBuildConfiguration section */
		0A59E78716BD9D2100E3CE3C /* Debug */ = {
			isa = XCBuildConfiguration;
			buildSettings = {
				ALWAYS_SEARCH_USER_PATHS = NO;
				ARCHS = "$(ARCHS_STANDARD_64_BIT)";
				CLANG_CXX_LANGUAGE_STANDARD = "gnu++0x";
				CLANG_CXX_LIBRARY = "libc++";
				CLANG_ENABLE_OBJC_ARC = YES;
				CLANG_WARN_EMPTY_BODY = YES;
				CLANG_WARN__DUPLICATE_METHOD_MATCH = YES;
				COPY_PHASE_STRIP = NO;
				GCC_C_LANGUAGE_STANDARD = gnu99;
				GCC_DYNAMIC_NO_PIC = NO;
				GCC_ENABLE_OBJC_EXCEPTIONS = YES;
				GCC_OPTIMIZATION_LEVEL = 0;
				GCC_PREPROCESSOR_DEFINITIONS = (
					"DEBUG=1",
					"$(inherited)",
				);
				GCC_SYMBOLS_PRIVATE_EXTERN = NO;
				GCC_WARN_64_TO_32_BIT_CONVERSION = YES;
				GCC_WARN_ABOUT_RETURN_TYPE = YES;
				GCC_WARN_UNINITIALIZED_AUTOS = YES;
				GCC_WARN_UNUSED_VARIABLE = YES;
				MACOSX_DEPLOYMENT_TARGET = 10.6;
				ONLY_ACTIVE_ARCH = YES;
				SDKROOT = macosx;
				SUPPORTED_PLATFORMS = macosx;
			};
			name = Debug;
		};
		0A59E78816BD9D2100E3CE3C /* Release */ = {
			isa = XCBuildConfiguration;
			buildSettings = {
				ALWAYS_SEARCH_USER_PATHS = NO;
				ARCHS = "$(ARCHS_STANDARD_64_BIT)";
				CLANG_CXX_LANGUAGE_STANDARD = "gnu++0x";
				CLANG_CXX_LIBRARY = "libc++";
				CLANG_ENABLE_OBJC_ARC = YES;
				CLANG_WARN_EMPTY_BODY = YES;
				CLANG_WARN__DUPLICATE_METHOD_MATCH = YES;
				COPY_PHASE_STRIP = YES;
				DEBUG_INFORMATION_FORMAT = "dwarf-with-dsym";
				GCC_C_LANGUAGE_STANDARD = gnu99;
				GCC_ENABLE_OBJC_EXCEPTIONS = YES;
				GCC_WARN_64_TO_32_BIT_CONVERSION = YES;
				GCC_WARN_ABOUT_RETURN_TYPE = YES;
				GCC_WARN_UNINITIALIZED_AUTOS = YES;
				GCC_WARN_UNUSED_VARIABLE = YES;
				MACOSX_DEPLOYMENT_TARGET = 10.6;
				SDKROOT = macosx;
				SUPPORTED_PLATFORMS = macosx;
			};
			name = Release;
		};
		0A59E78A16BD9D2100E3CE3C /* Debug */ = {
			isa = XCBuildConfiguration;
			baseConfigurationReference = 4536955945CF4C9FB3018038 /* Pods.xcconfig */;
			buildSettings = {
				CODE_SIGN_ENTITLEMENTS = bittrends.entitlements;
				COMBINE_HIDPI_IMAGES = YES;
				GCC_PRECOMPILE_PREFIX_HEADER = YES;
				GCC_PREFIX_HEADER = "bitcoin/bittrends-Prefix.pch";
				HEADER_SEARCH_PATHS = (
					"\"${PODS_ROOT}/Headers\"",
					"\"${PODS_ROOT}/Headers/SocketRocket\"",
					"\"${PODS_ROOT}/Headers/libPusher\"",
				);
				INFOPLIST_FILE = bitcoin/bittrends.plist;
				MACOSX_DEPLOYMENT_TARGET = 10.6;
				PRODUCT_NAME = bittrends;
				WRAPPER_EXTENSION = app;
			};
			name = Debug;
		};
		0A59E78B16BD9D2100E3CE3C /* Release */ = {
			isa = XCBuildConfiguration;
			baseConfigurationReference = 4536955945CF4C9FB3018038 /* Pods.xcconfig */;
			buildSettings = {
				CODE_SIGN_ENTITLEMENTS = bittrends.entitlements;
				COMBINE_HIDPI_IMAGES = YES;
				COPY_PHASE_STRIP = NO;
				GCC_PRECOMPILE_PREFIX_HEADER = YES;
				GCC_PREFIX_HEADER = "bitcoin/bittrends-Prefix.pch";
				HEADER_SEARCH_PATHS = (
					"\"${PODS_ROOT}/Headers\"",
					"\"${PODS_ROOT}/Headers/SocketRocket\"",
					"\"${PODS_ROOT}/Headers/libPusher\"",
				);
				INFOPLIST_FILE = bitcoin/bittrends.plist;
				MACOSX_DEPLOYMENT_TARGET = 10.6;
				PRODUCT_NAME = bittrends;
				WRAPPER_EXTENSION = app;
			};
			name = Release;
		};
		0A59E78D16BD9D2100E3CE3C /* Debug */ = {
			isa = XCBuildConfiguration;
			buildSettings = {
				BUNDLE_LOADER = "$(BUILT_PRODUCTS_DIR)/bitcoin.app/Contents/MacOS/bitcoin";
				COMBINE_HIDPI_IMAGES = YES;
				FRAMEWORK_SEARCH_PATHS = "\"$(DEVELOPER_LIBRARY_DIR)/Frameworks\"";
				GCC_PRECOMPILE_PREFIX_HEADER = YES;
				GCC_PREFIX_HEADER = "bitcoin/bitcoin-Prefix.pch";
				INFOPLIST_FILE = "bitcoinTests/bittrends-Info.plist";
				PRODUCT_NAME = bittrendsTests;
				TEST_HOST = "$(BUNDLE_LOADER)";
				WRAPPER_EXTENSION = octest;
			};
			name = Debug;
		};
		0A59E78E16BD9D2100E3CE3C /* Release */ = {
			isa = XCBuildConfiguration;
			buildSettings = {
				BUNDLE_LOADER = "$(BUILT_PRODUCTS_DIR)/bitcoin.app/Contents/MacOS/bitcoin";
				COMBINE_HIDPI_IMAGES = YES;
				FRAMEWORK_SEARCH_PATHS = "\"$(DEVELOPER_LIBRARY_DIR)/Frameworks\"";
				GCC_PRECOMPILE_PREFIX_HEADER = YES;
				GCC_PREFIX_HEADER = "bitcoin/bitcoin-Prefix.pch";
				INFOPLIST_FILE = "bitcoinTests/bittrends-Info.plist";
				PRODUCT_NAME = bittrendsTests;
				TEST_HOST = "$(BUNDLE_LOADER)";
				WRAPPER_EXTENSION = octest;
			};
			name = Release;
		};
/* End XCBuildConfiguration section */

/* Begin XCConfigurationList section */
		0A59E75116BD9D2100E3CE3C /* Build configuration list for PBXProject "bittrends" */ = {
			isa = XCConfigurationList;
			buildConfigurations = (
				0A59E78716BD9D2100E3CE3C /* Debug */,
				0A59E78816BD9D2100E3CE3C /* Release */,
			);
			defaultConfigurationIsVisible = 0;
			defaultConfigurationName = Release;
		};
		0A59E78916BD9D2100E3CE3C /* Build configuration list for PBXNativeTarget "bittrends" */ = {
			isa = XCConfigurationList;
			buildConfigurations = (
				0A59E78A16BD9D2100E3CE3C /* Debug */,
				0A59E78B16BD9D2100E3CE3C /* Release */,
			);
			defaultConfigurationIsVisible = 0;
			defaultConfigurationName = Release;
		};
		0A59E78C16BD9D2100E3CE3C /* Build configuration list for PBXNativeTarget "bittrendsTests" */ = {
			isa = XCConfigurationList;
			buildConfigurations = (
				0A59E78D16BD9D2100E3CE3C /* Debug */,
				0A59E78E16BD9D2100E3CE3C /* Release */,
			);
			defaultConfigurationIsVisible = 0;
			defaultConfigurationName = Release;
		};
/* End XCConfigurationList section */
	};
	rootObject = 0A59E74E16BD9D2100E3CE3C /* Project object */;
}
